// !$*UTF8*$!
{
	archiveVersion = 1;
	classes = {
	};
	objectVersion = 46;
	objects = {

/* Begin PBXBuildFile section */
		F34011021C4F3758004C2D80 /* PlaySoundsViewController.swift in Sources */ = {isa = PBXBuildFile; fileRef = F34011011C4F3758004C2D80 /* PlaySoundsViewController.swift */; };
		F34011041C5EAD28004C2D80 /* movie_quote.mp3 in Resources */ = {isa = PBXBuildFile; fileRef = F34011031C5EAD28004C2D80 /* movie_quote.mp3 */; };
		F34011061C5F2929004C2D80 /* RecordedAudio.swift in Sources */ = {isa = PBXBuildFile; fileRef = F34011051C5F2929004C2D80 /* RecordedAudio.swift */; };
		F386DF811C44A7C100EDEAB0 /* AppDelegate.swift in Sources */ = {isa = PBXBuildFile; fileRef = F386DF801C44A7C100EDEAB0 /* AppDelegate.swift */; };
		F386DF831C44A7C100EDEAB0 /* RecordSoundsViewController.swift in Sources */ = {isa = PBXBuildFile; fileRef = F386DF821C44A7C100EDEAB0 /* RecordSoundsViewController.swift */; };
		F386DF861C44A7C100EDEAB0 /* Main.storyboard in Resources */ = {isa = PBXBuildFile; fileRef = F386DF841C44A7C100EDEAB0 /* Main.storyboard */; };
		F386DF881C44A7C100EDEAB0 /* Assets.xcassets in Resources */ = {isa = PBXBuildFile; fileRef = F386DF871C44A7C100EDEAB0 /* Assets.xcassets */; };
		F386DF8B1C44A7C100EDEAB0 /* LaunchScreen.storyboard in Resources */ = {isa = PBXBuildFile; fileRef = F386DF891C44A7C100EDEAB0 /* LaunchScreen.storyboard */; };
		F386DF961C44A7C100EDEAB0 /* Pitch_PerfectTests.swift in Sources */ = {isa = PBXBuildFile; fileRef = F386DF951C44A7C100EDEAB0 /* Pitch_PerfectTests.swift */; };
		F386DFA11C44A7C100EDEAB0 /* Pitch_PerfectUITests.swift in Sources */ = {isa = PBXBuildFile; fileRef = F386DFA01C44A7C100EDEAB0 /* Pitch_PerfectUITests.swift */; };
/* End PBXBuildFile section */

/* Begin PBXContainerItemProxy section */
		F386DF921C44A7C100EDEAB0 /* PBXContainerItemProxy */ = {
			isa = PBXContainerItemProxy;
			containerPortal = F386DF751C44A7C100EDEAB0 /* Project object */;
			proxyType = 1;
			remoteGlobalIDString = F386DF7C1C44A7C100EDEAB0;
			remoteInfo = "Pitch Perfect";
		};
		F386DF9D1C44A7C100EDEAB0 /* PBXContainerItemProxy */ = {
			isa = PBXContainerItemProxy;
			containerPortal = F386DF751C44A7C100EDEAB0 /* Project object */;
			proxyType = 1;
			remoteGlobalIDString = F386DF7C1C44A7C100EDEAB0;
			remoteInfo = "Pitch Perfect";
		};
/* End PBXContainerItemProxy section */

/* Begin PBXFileReference section */
		F34011011C4F3758004C2D80 /* PlaySoundsViewController.swift */ = {isa = PBXFileReference; fileEncoding = 4; lastKnownFileType = sourcecode.swift; path = PlaySoundsViewController.swift; sourceTree = "<group>"; };
		F34011031C5EAD28004C2D80 /* movie_quote.mp3 */ = {isa = PBXFileReference; lastKnownFileType = audio.mp3; name = movie_quote.mp3; path = ../../../../Downloads/movie_quote.mp3; sourceTree = "<group>"; };
		F34011051C5F2929004C2D80 /* RecordedAudio.swift */ = {isa = PBXFileReference; fileEncoding = 4; lastKnownFileType = sourcecode.swift; path = RecordedAudio.swift; sourceTree = "<group>"; };
		F386DF7D1C44A7C100EDEAB0 /* Pitch Perfect.app */ = {isa = PBXFileReference; explicitFileType = wrapper.application; includeInIndex = 0; path = "Pitch Perfect.app"; sourceTree = BUILT_PRODUCTS_DIR; };
		F386DF801C44A7C100EDEAB0 /* AppDelegate.swift */ = {isa = PBXFileReference; lastKnownFileType = sourcecode.swift; path = AppDelegate.swift; sourceTree = "<group>"; };
		F386DF821C44A7C100EDEAB0 /* RecordSoundsViewController.swift */ = {isa = PBXFileReference; lastKnownFileType = sourcecode.swift; path = RecordSoundsViewController.swift; sourceTree = "<group>"; };
		F386DF851C44A7C100EDEAB0 /* Base */ = {isa = PBXFileReference; lastKnownFileType = file.storyboard; name = Base; path = Base.lproj/Main.storyboard; sourceTree = "<group>"; };
		F386DF871C44A7C100EDEAB0 /* Assets.xcassets */ = {isa = PBXFileReference; lastKnownFileType = folder.assetcatalog; path = Assets.xcassets; sourceTree = "<group>"; };
		F386DF8A1C44A7C100EDEAB0 /* Base */ = {isa = PBXFileReference; lastKnownFileType = file.storyboard; name = Base; path = Base.lproj/LaunchScreen.storyboard; sourceTree = "<group>"; };
		F386DF8C1C44A7C100EDEAB0 /* Info.plist */ = {isa = PBXFileReference; lastKnownFileType = text.plist.xml; path = Info.plist; sourceTree = "<group>"; };
		F386DF911C44A7C100EDEAB0 /* Pitch PerfectTests.xctest */ = {isa = PBXFileReference; explicitFileType = wrapper.cfbundle; includeInIndex = 0; path = "Pitch PerfectTests.xctest"; sourceTree = BUILT_PRODUCTS_DIR; };
		F386DF951C44A7C100EDEAB0 /* Pitch_PerfectTests.swift */ = {isa = PBXFileReference; lastKnownFileType = sourcecode.swift; path = Pitch_PerfectTests.swift; sourceTree = "<group>"; };
		F386DF971C44A7C100EDEAB0 /* Info.plist */ = {isa = PBXFileReference; lastKnownFileType = text.plist.xml; path = Info.plist; sourceTree = "<group>"; };
		F386DF9C1C44A7C100EDEAB0 /* Pitch PerfectUITests.xctest */ = {isa = PBXFileReference; explicitFileType = wrapper.cfbundle; includeInIndex = 0; path = "Pitch PerfectUITests.xctest"; sourceTree = BUILT_PRODUCTS_DIR; };
		F386DFA01C44A7C100EDEAB0 /* Pitch_PerfectUITests.swift */ = {isa = PBXFileReference; lastKnownFileType = sourcecode.swift; path = Pitch_PerfectUITests.swift; sourceTree = "<group>"; };
		F386DFA21C44A7C100EDEAB0 /* Info.plist */ = {isa = PBXFileReference; lastKnownFileType = text.plist.xml; path = Info.plist; sourceTree = "<group>"; };
/* End PBXFileReference section */

/* Begin PBXFrameworksBuildPhase section */
		F386DF7A1C44A7C100EDEAB0 /* Frameworks */ = {
			isa = PBXFrameworksBuildPhase;
			buildActionMask = 2147483647;
			files = (
			);
			runOnlyForDeploymentPostprocessing = 0;
		};
		F386DF8E1C44A7C100EDEAB0 /* Frameworks */ = {
			isa = PBXFrameworksBuildPhase;
			buildActionMask = 2147483647;
			files = (
			);
			runOnlyForDeploymentPostprocessing = 0;
		};
		F386DF991C44A7C100EDEAB0 /* Frameworks */ = {
			isa = PBXFrameworksBuildPhase;
			buildActionMask = 2147483647;
			files = (
			);
			runOnlyForDeploymentPostprocessing = 0;
		};
/* End PBXFrameworksBuildPhase section */

/* Begin PBXGroup section */
		F386DF741C44A7C100EDEAB0 = {
			isa = PBXGroup;
			children = (
				F386DF7F1C44A7C100EDEAB0 /* Pitch Perfect */,
				F386DF941C44A7C100EDEAB0 /* Pitch PerfectTests */,
				F386DF9F1C44A7C100EDEAB0 /* Pitch PerfectUITests */,
				F386DF7E1C44A7C100EDEAB0 /* Products */,
			);
			sourceTree = "<group>";
		};
		F386DF7E1C44A7C100EDEAB0 /* Products */ = {
			isa = PBXGroup;
			children = (
				F386DF7D1C44A7C100EDEAB0 /* Pitch Perfect.app */,
				F386DF911C44A7C100EDEAB0 /* Pitch PerfectTests.xctest */,
				F386DF9C1C44A7C100EDEAB0 /* Pitch PerfectUITests.xctest */,
			);
			name = Products;
			sourceTree = "<group>";
		};
		F386DF7F1C44A7C100EDEAB0 /* Pitch Perfect */ = {
			isa = PBXGroup;
			children = (
				F34011031C5EAD28004C2D80 /* movie_quote.mp3 */,
				F386DF801C44A7C100EDEAB0 /* AppDelegate.swift */,
				F386DF821C44A7C100EDEAB0 /* RecordSoundsViewController.swift */,
				F386DF841C44A7C100EDEAB0 /* Main.storyboard */,
				F34011011C4F3758004C2D80 /* PlaySoundsViewController.swift */,
				F386DF871C44A7C100EDEAB0 /* Assets.xcassets */,
				F386DF891C44A7C100EDEAB0 /* LaunchScreen.storyboard */,
				F386DF8C1C44A7C100EDEAB0 /* Info.plist */,
				F34011051C5F2929004C2D80 /* RecordedAudio.swift */,
			);
			path = "Pitch Perfect";
			sourceTree = "<group>";
		};
		F386DF941C44A7C100EDEAB0 /* Pitch PerfectTests */ = {
			isa = PBXGroup;
			children = (
				F386DF951C44A7C100EDEAB0 /* Pitch_PerfectTests.swift */,
				F386DF971C44A7C100EDEAB0 /* Info.plist */,
			);
			path = "Pitch PerfectTests";
			sourceTree = "<group>";
		};
		F386DF9F1C44A7C100EDEAB0 /* Pitch PerfectUITests */ = {
			isa = PBXGroup;
			children = (
				F386DFA01C44A7C100EDEAB0 /* Pitch_PerfectUITests.swift */,
				F386DFA21C44A7C100EDEAB0 /* Info.plist */,
			);
			path = "Pitch PerfectUITests";
			sourceTree = "<group>";
		};
/* End PBXGroup section */

/* Begin PBXNativeTarget section */
		F386DF7C1C44A7C100EDEAB0 /* Pitch Perfect */ = {
			isa = PBXNativeTarget;
			buildConfigurationList = F386DFA51C44A7C100EDEAB0 /* Build configuration list for PBXNativeTarget "Pitch Perfect" */;
			buildPhases = (
				F386DF791C44A7C100EDEAB0 /* Sources */,
				F386DF7A1C44A7C100EDEAB0 /* Frameworks */,
				F386DF7B1C44A7C100EDEAB0 /* Resources */,
			);
			buildRules = (
			);
			dependencies = (
			);
			name = "Pitch Perfect";
			productName = "Pitch Perfect";
			productReference = F386DF7D1C44A7C100EDEAB0 /* Pitch Perfect.app */;
			productType = "com.apple.product-type.application";
		};
		F386DF901C44A7C100EDEAB0 /* Pitch PerfectTests */ = {
			isa = PBXNativeTarget;
			buildConfigurationList = F386DFA81C44A7C100EDEAB0 /* Build configuration list for PBXNativeTarget "Pitch PerfectTests" */;
			buildPhases = (
				F386DF8D1C44A7C100EDEAB0 /* Sources */,
				F386DF8E1C44A7C100EDEAB0 /* Frameworks */,
				F386DF8F1C44A7C100EDEAB0 /* Resources */,
			);
			buildRules = (
			);
			dependencies = (
				F386DF931C44A7C100EDEAB0 /* PBXTargetDependency */,
			);
			name = "Pitch PerfectTests";
			productName = "Pitch PerfectTests";
			productReference = F386DF911C44A7C100EDEAB0 /* Pitch PerfectTests.xctest */;
			productType = "com.apple.product-type.bundle.unit-test";
		};
		F386DF9B1C44A7C100EDEAB0 /* Pitch PerfectUITests */ = {
			isa = PBXNativeTarget;
			buildConfigurationList = F386DFAB1C44A7C100EDEAB0 /* Build configuration list for PBXNativeTarget "Pitch PerfectUITests" */;
			buildPhases = (
				F386DF981C44A7C100EDEAB0 /* Sources */,
				F386DF991C44A7C100EDEAB0 /* Frameworks */,
				F386DF9A1C44A7C100EDEAB0 /* Resources */,
			);
			buildRules = (
			);
			dependencies = (
				F386DF9E1C44A7C100EDEAB0 /* PBXTargetDependency */,
			);
			name = "Pitch PerfectUITests";
			productName = "Pitch PerfectUITests";
			productReference = F386DF9C1C44A7C100EDEAB0 /* Pitch PerfectUITests.xctest */;
			productType = "com.apple.product-type.bundle.ui-testing";
		};
/* End PBXNativeTarget section */

/* Begin PBXProject section */
		F386DF751C44A7C100EDEAB0 /* Project object */ = {
			isa = PBXProject;
			attributes = {
				LastSwiftUpdateCheck = 0720;
				LastUpgradeCheck = 0720;
				ORGANIZATIONNAME = "Thomas Ptak";
				TargetAttributes = {
					F386DF7C1C44A7C100EDEAB0 = {
						CreatedOnToolsVersion = 7.2;
					};
					F386DF901C44A7C100EDEAB0 = {
						CreatedOnToolsVersion = 7.2;
						TestTargetID = F386DF7C1C44A7C100EDEAB0;
					};
					F386DF9B1C44A7C100EDEAB0 = {
						CreatedOnToolsVersion = 7.2;
						TestTargetID = F386DF7C1C44A7C100EDEAB0;
					};
				};
			};
			buildConfigurationList = F386DF781C44A7C100EDEAB0 /* Build configuration list for PBXProject "Pitch Perfect" */;
			compatibilityVersion = "Xcode 3.2";
			developmentRegion = English;
			hasScannedForEncodings = 0;
			knownRegions = (
				en,
				Base,
			);
			mainGroup = F386DF741C44A7C100EDEAB0;
			productRefGroup = F386DF7E1C44A7C100EDEAB0 /* Products */;
			projectDirPath = "";
			projectRoot = "";
			targets = (
				F386DF7C1C44A7C100EDEAB0 /* Pitch Perfect */,
				F386DF901C44A7C100EDEAB0 /* Pitch PerfectTests */,
				F386DF9B1C44A7C100EDEAB0 /* Pitch PerfectUITests */,
			);
		};
/* End PBXProject section */

/* Begin PBXResourcesBuildPhase section */
		F386DF7B1C44A7C100EDEAB0 /* Resources */ = {
			isa = PBXResourcesBuildPhase;
			buildActionMask = 2147483647;
			files = (
				F386DF8B1C44A7C100EDEAB0 /* LaunchScreen.storyboard in Resources */,
				F386DF881C44A7C100EDEAB0 /* Assets.xcassets in Resources */,
				F34011041C5EAD28004C2D80 /* movie_quote.mp3 in Resources */,
				F386DF861C44A7C100EDEAB0 /* Main.storyboard in Resources */,
			);
			runOnlyForDeploymentPostprocessing = 0;
		};
		F386DF8F1C44A7C100EDEAB0 /* Resources */ = {
			isa = PBXResourcesBuildPhase;
			buildActionMask = 2147483647;
			files = (
			);
			runOnlyForDeploymentPostprocessing = 0;
		};
		F386DF9A1C44A7C100EDEAB0 /* Resources */ = {
			isa = PBXResourcesBuildPhase;
			buildActionMask = 2147483647;
			files = (
			);
			runOnlyForDeploymentPostprocessing = 0;
		};
/* End PBXResourcesBuildPhase section */

/* Begin PBXSourcesBuildPhase section */
		F386DF791C44A7C100EDEAB0 /* Sources */ = {
			isa = PBXSourcesBuildPhase;
			buildActionMask = 2147483647;
			files = (
				F34011061C5F2929004C2D80 /* RecordedAudio.swift in Sources */,
				F386DF831C44A7C100EDEAB0 /* RecordSoundsViewController.swift in Sources */,
				F34011021C4F3758004C2D80 /* PlaySoundsViewController.swift in Sources */,
				F386DF811C44A7C100EDEAB0 /* AppDelegate.swift in Sources */,
			);
			runOnlyForDeploymentPostprocessing = 0;
		};
		F386DF8D1C44A7C100EDEAB0 /* Sources */ = {
			isa = PBXSourcesBuildPhase;
			buildActionMask = 2147483647;
			files = (
				F386DF961C44A7C100EDEAB0 /* Pitch_PerfectTests.swift in Sources */,
			);
			runOnlyForDeploymentPostprocessing = 0;
		};
		F386DF981C44A7C100EDEAB0 /* Sources */ = {
			isa = PBXSourcesBuildPhase;
			buildActionMask = 2147483647;
			files = (
				F386DFA11C44A7C100EDEAB0 /* Pitch_PerfectUITests.swift in Sources */,
			);
			runOnlyForDeploymentPostprocessing = 0;
		};
/* End PBXSourcesBuildPhase section */

/* Begin PBXTargetDependency section */
		F386DF931C44A7C100EDEAB0 /* PBXTargetDependency */ = {
			isa = PBXTargetDependency;
			target = F386DF7C1C44A7C100EDEAB0 /* Pitch Perfect */;
			targetProxy = F386DF921C44A7C100EDEAB0 /* PBXContainerItemProxy */;
		};
		F386DF9E1C44A7C100EDEAB0 /* PBXTargetDependency */ = {
			isa = PBXTargetDependency;
			target = F386DF7C1C44A7C100EDEAB0 /* Pitch Perfect */;
			targetProxy = F386DF9D1C44A7C100EDEAB0 /* PBXContainerItemProxy */;
		};
/* End PBXTargetDependency section */

/* Begin PBXVariantGroup section */
		F386DF841C44A7C100EDEAB0 /* Main.storyboard */ = {
			isa = PBXVariantGroup;
			children = (
				F386DF851C44A7C100EDEAB0 /* Base */,
			);
			name = Main.storyboard;
			sourceTree = "<group>";
		};
		F386DF891C44A7C100EDEAB0 /* LaunchScreen.storyboard */ = {
			isa = PBXVariantGroup;
			children = (
				F386DF8A1C44A7C100EDEAB0 /* Base */,
			);
			name = LaunchScreen.storyboard;
			sourceTree = "<group>";
		};
/* End PBXVariantGroup section */

/* Begin XCBuildConfiguration section */
		F386DFA31C44A7C100EDEAB0 /* Debug */ = {
			isa = XCBuildConfiguration;
			buildSettings = {
				ALWAYS_SEARCH_USER_PATHS = NO;
				CLANG_CXX_LANGUAGE_STANDARD = "gnu++0x";
				CLANG_CXX_LIBRARY = "libc++";
				CLANG_ENABLE_MODULES = YES;
				CLANG_ENABLE_OBJC_ARC = YES;
				CLANG_WARN_BOOL_CONVERSION = YES;
				CLANG_WARN_CONSTANT_CONVERSION = YES;
				CLANG_WARN_DIRECT_OBJC_ISA_USAGE = YES_ERROR;
				CLANG_WARN_EMPTY_BODY = YES;
				CLANG_WARN_ENUM_CONVERSION = YES;
				CLANG_WARN_INT_CONVERSION = YES;
				CLANG_WARN_OBJC_ROOT_CLASS = YES_ERROR;
				CLANG_WARN_UNREACHABLE_CODE = YES;
				CLANG_WARN__DUPLICATE_METHOD_MATCH = YES;
				"CODE_SIGN_IDENTITY[sdk=iphoneos*]" = "iPhone Developer";
				COPY_PHASE_STRIP = NO;
				DEBUG_INFORMATION_FORMAT = dwarf;
				ENABLE_STRICT_OBJC_MSGSEND = YES;
				ENABLE_TESTABILITY = YES;
				GCC_C_LANGUAGE_STANDARD = gnu99;
				GCC_DYNAMIC_NO_PIC = NO;
				GCC_NO_COMMON_BLOCKS = YES;
				GCC_OPTIMIZATION_LEVEL = 0;
				GCC_PREPROCESSOR_DEFINITIONS = (
					"DEBUG=1",
					"$(inherited)",
				);
				GCC_WARN_64_TO_32_BIT_CONVERSION = YES;
				GCC_WARN_ABOUT_RETURN_TYPE = YES_ERROR;
				GCC_WARN_UNDECLARED_SELECTOR = YES;
				GCC_WARN_UNINITIALIZED_AUTOS = YES_AGGRESSIVE;
				GCC_WARN_UNUSED_FUNCTION = YES;
				GCC_WARN_UNUSED_VARIABLE = YES;
				IPHONEOS_DEPLOYMENT_TARGET = 9.2;
				MTL_ENABLE_DEBUG_INFO = YES;
				ONLY_ACTIVE_ARCH = YES;
				SDKROOT = iphoneos;
				SWIFT_OPTIMIZATION_LEVEL = "-Onone";
			};
			name = Debug;
		};
		F386DFA41C44A7C100EDEAB0 /* Release */ = {
			isa = XCBuildConfiguration;
			buildSettings = {
				ALWAYS_SEARCH_USER_PATHS = NO;
				CLANG_CXX_LANGUAGE_STANDARD = "gnu++0x";
				CLANG_CXX_LIBRARY = "libc++";
				CLANG_ENABLE_MODULES = YES;
				CLANG_ENABLE_OBJC_ARC = YES;
				CLANG_WARN_BOOL_CONVERSION = YES;
				CLANG_WARN_CONSTANT_CONVERSION = YES;
				CLANG_WARN_DIRECT_OBJC_ISA_USAGE = YES_ERROR;
				CLANG_WARN_EMPTY_BODY = YES;
				CLANG_WARN_ENUM_CONVERSION = YES;
				CLANG_WARN_INT_CONVERSION = YES;
				CLANG_WARN_OBJC_ROOT_CLASS = YES_ERROR;
				CLANG_WARN_UNREACHABLE_CODE = YES;
				CLANG_WARN__DUPLICATE_METHOD_MATCH = YES;
				"CODE_SIGN_IDENTITY[sdk=iphoneos*]" = "iPhone Developer";
				COPY_PHASE_STRIP = NO;
				DEBUG_INFORMATION_FORMAT = "dwarf-with-dsym";
				ENABLE_NS_ASSERTIONS = NO;
				ENABLE_STRICT_OBJC_MSGSEND = YES;
				GCC_C_LANGUAGE_STANDARD = gnu99;
				GCC_NO_COMMON_BLOCKS = YES;
				GCC_WARN_64_TO_32_BIT_CONVERSION = YES;
				GCC_WARN_ABOUT_RETURN_TYPE = YES_ERROR;
				GCC_WARN_UNDECLARED_SELECTOR = YES;
				GCC_WARN_UNINITIALIZED_AUTOS = YES_AGGRESSIVE;
				GCC_WARN_UNUSED_FUNCTION = YES;
				GCC_WARN_UNUSED_VARIABLE = YES;
				IPHONEOS_DEPLOYMENT_TARGET = 9.2;
				MTL_ENABLE_DEBUG_INFO = NO;
				SDKROOT = iphoneos;
				VALIDATE_PRODUCT = YES;
			};
			name = Release;
		};
		F386DFA61C44A7C100EDEAB0 /* Debug */ = {
			isa = XCBuildConfiguration;
			buildSettings = {
				ASSETCATALOG_COMPILER_APPICON_NAME = AppIcon;
				INFOPLIST_FILE = "Pitch Perfect/Info.plist";
				LD_RUNPATH_SEARCH_PATHS = "$(inherited) @executable_path/Frameworks";
				PRODUCT_BUNDLE_IDENTIFIER = "ptak.thomas.Pitch-Perfect";
				PRODUCT_NAME = "$(TARGET_NAME)";
			};
			name = Debug;
		};
		F386DFA71C44A7C100EDEAB0 /* Release */ = {
			isa = XCBuildConfiguration;
			buildSettings = {
				ASSETCATALOG_COMPILER_APPICON_NAME = AppIcon;
				INFOPLIST_FILE = "Pitch Perfect/Info.plist";
				LD_RUNPATH_SEARCH_PATHS = "$(inherited) @executable_path/Frameworks";
				PRODUCT_BUNDLE_IDENTIFIER = "ptak.thomas.Pitch-Perfect";
				PRODUCT_NAME = "$(TARGET_NAME)";
			};
			name = Release;
		};
		F386DFA91C44A7C100EDEAB0 /* Debug */ = {
			isa = XCBuildConfiguration;
			buildSettings = {
				BUNDLE_LOADER = "$(TEST_HOST)";
				INFOPLIST_FILE = "Pitch PerfectTests/Info.plist";
				LD_RUNPATH_SEARCH_PATHS = "$(inherited) @executable_path/Frameworks @loader_path/Frameworks";
				PRODUCT_BUNDLE_IDENTIFIER = "ptak.thomas.Pitch-PerfectTests";
				PRODUCT_NAME = "$(TARGET_NAME)";
				TEST_HOST = "$(BUILT_PRODUCTS_DIR)/Pitch Perfect.app/Pitch Perfect";
			};
			name = Debug;
		};
		F386DFAA1C44A7C100EDEAB0 /* Release */ = {
			isa = XCBuildConfiguration;
			buildSettings = {
				BUNDLE_LOADER = "$(TEST_HOST)";
				INFOPLIST_FILE = "Pitch PerfectTests/Info.plist";
				LD_RUNPATH_SEARCH_PATHS = "$(inherited) @executable_path/Frameworks @loader_path/Frameworks";
				PRODUCT_BUNDLE_IDENTIFIER = "ptak.thomas.Pitch-PerfectTests";
				PRODUCT_NAME = "$(TARGET_NAME)";
				TEST_HOST = "$(BUILT_PRODUCTS_DIR)/Pitch Perfect.app/Pitch Perfect";
			};
			name = Release;
		};
		F386DFAC1C44A7C100EDEAB0 /* Debug */ = {
			isa = XCBuildConfiguration;
			buildSettings = {
				INFOPLIST_FILE = "Pitch PerfectUITests/Info.plist";
				LD_RUNPATH_SEARCH_PATHS = "$(inherited) @executable_path/Frameworks @loader_path/Frameworks";
				PRODUCT_BUNDLE_IDENTIFIER = "ptak.thomas.Pitch-PerfectUITests";
				PRODUCT_NAME = "$(TARGET_NAME)";
				TEST_TARGET_NAME = "Pitch Perfect";
				USES_XCTRUNNER = YES;
			};
			name = Debug;
		};
		F386DFAD1C44A7C100EDEAB0 /* Release */ = {
			isa = XCBuildConfiguration;
			buildSettings = {
				INFOPLIST_FILE = "Pitch PerfectUITests/Info.plist";
				LD_RUNPATH_SEARCH_PATHS = "$(inherited) @executable_path/Frameworks @loader_path/Frameworks";
				PRODUCT_BUNDLE_IDENTIFIER = "ptak.thomas.Pitch-PerfectUITests";
				PRODUCT_NAME = "$(TARGET_NAME)";
				TEST_TARGET_NAME = "Pitch Perfect";
				USES_XCTRUNNER = YES;
			};
			name = Release;
		};
/* End XCBuildConfiguration section */

/* Begin XCConfigurationList section */
		F386DF781C44A7C100EDEAB0 /* Build configuration list for PBXProject "Pitch Perfect" */ = {
			isa = XCConfigurationList;
			buildConfigurations = (
				F386DFA31C44A7C100EDEAB0 /* Debug */,
				F386DFA41C44A7C100EDEAB0 /* Release */,
			);
			defaultConfigurationIsVisible = 0;
			defaultConfigurationName = Release;
		};
		F386DFA51C44A7C100EDEAB0 /* Build configuration list for PBXNativeTarget "Pitch Perfect" */ = {
			isa = XCConfigurationList;
			buildConfigurations = (
				F386DFA61C44A7C100EDEAB0 /* Debug */,
				F386DFA71C44A7C100EDEAB0 /* Release */,
			);
			defaultConfigurationIsVisible = 0;
			defaultConfigurationName = Release;
		};
		F386DFA81C44A7C100EDEAB0 /* Build configuration list for PBXNativeTarget "Pitch PerfectTests" */ = {
			isa = XCConfigurationList;
			buildConfigurations = (
				F386DFA91C44A7C100EDEAB0 /* Debug */,
				F386DFAA1C44A7C100EDEAB0 /* Release */,
			);
			defaultConfigurationIsVisible = 0;
			defaultConfigurationName = Release;
		};
		F386DFAB1C44A7C100EDEAB0 /* Build configuration list for PBXNativeTarget "Pitch PerfectUITests" */ = {
			isa = XCConfigurationList;
			buildConfigurations = (
				F386DFAC1C44A7C100EDEAB0 /* Debug */,
				F386DFAD1C44A7C100EDEAB0 /* Release */,
			);
			defaultConfigurationIsVisible = 0;
			defaultConfigurationName = Release;
		};
/* End XCConfigurationList section */
	};
	rootObject = F386DF751C44A7C100EDEAB0 /* Project object */;
}
